
Microsoft Visual Studio Solution File, Format Version 12.00
# Visual Studio Version 17
VisualStudioVersion = 17.6.33829.357
MinimumVisualStudioVersion = 10.0.40219.1
Project("{9A19103F-16F7-4668-BE54-9A1E7A4F7556}") = "BlazingMusic.Server", "BlazingMusic\Server\BlazingMusic.Server.csproj", "{9801B4BB-7A70-4994-A69E-5F55DDD09E72}"
EndProject
Project("{9A19103F-16F7-4668-BE54-9A1E7A4F7556}") = "BlazingMusic.Client", "BlazingMusic\Client\BlazingMusic.Client.csproj", "{3A380BC8-8D86-488A-BC18-7C80CAD99817}"
EndProject
Project("{9A19103F-16F7-4668-BE54-9A1E7A4F7556}") = "BlazingMusic.Shared", "BlazingMusic\Shared\BlazingMusic.Shared.csproj", "{2CD65490-9ACA-45E2-9A4B-8DE5FAED99BE}"
EndProject
Global
	GlobalSection(SolutionConfigurationPlatforms) = preSolution
		Debug|Any CPU = Debug|Any CPU
		Release|Any CPU = Release|Any CPU
	EndGlobalSection
	GlobalSection(ProjectConfigurationPlatforms) = postSolution
		{9801B4BB-7A70-4994-A69E-5F55DDD09E72}.Debug|Any CPU.ActiveCfg = Debug|Any CPU
		{9801B4BB-7A70-4994-A69E-5F55DDD09E72}.Debug|Any CPU.Build.0 = Debug|Any CPU
		{9801B4BB-7A70-4994-A69E-5F55DDD09E72}.Release|Any CPU.ActiveCfg = Release|Any CPU
		{9801B4BB-7A70-4994-A69E-5F55DDD09E72}.Release|Any CPU.Build.0 = Release|Any CPU
		{3A380BC8-8D86-488A-BC18-7C80CAD99817}.Debug|Any CPU.ActiveCfg = Debug|Any CPU
		{3A380BC8-8D86-488A-BC18-7C80CAD99817}.Debug|Any CPU.Build.0 = Debug|Any CPU
		{3A380BC8-8D86-488A-BC18-7C80CAD99817}.Release|Any CPU.ActiveCfg = Release|Any CPU
		{3A380BC8-8D86-488A-BC18-7C80CAD99817}.Release|Any CPU.Build.0 = Release|Any CPU
		{2CD65490-9ACA-45E2-9A4B-8DE5FAED99BE}.Debug|Any CPU.ActiveCfg = Debug|Any CPU
		{2CD65490-9ACA-45E2-9A4B-8DE5FAED99BE}.Debug|Any CPU.Build.0 = Debug|Any CPU
		{2CD65490-9ACA-45E2-9A4B-8DE5FAED99BE}.Release|Any CPU.ActiveCfg = Release|Any CPU
		{2CD65490-9ACA-45E2-9A4B-8DE5FAED99BE}.Release|Any CPU.Build.0 = Release|Any CPU
	EndGlobalSection
	GlobalSection(SolutionProperties) = preSolution
		HideSolutionNode = FALSE
	EndGlobalSection
	GlobalSection(ExtensibilityGlobals) = postSolution
		SolutionGuid = {CED3B393-DC30-46DF-B2FA-2FD999B28C8D}
	EndGlobalSection
EndGlobal
